
Microsoft Visual Studio Solution File, Format Version 12.00
# Visual Studio Version 17
VisualStudioVersion = 17.6.33723.286
MinimumVisualStudioVersion = 10.0.40219.1
Project("{FAE04EC0-301F-11D3-BF4B-00C04F79EFBC}") = "GLModule", "GLModule\GLModule.csproj", "{2CFFF3F7-78DD-44CA-A822-5A9389410AEE}"
EndProject
Global
	GlobalSection(SolutionConfigurationPlatforms) = preSolution
		Debug|Any CPU = Debug|Any CPU
		Release|Any CPU = Release|Any CPU
	EndGlobalSection
	GlobalSection(ProjectConfigurationPlatforms) = postSolution
		{2CFFF3F7-78DD-44CA-A822-5A9389410AEE}.Debug|Any CPU.ActiveCfg = Debug|Any CPU
		{2CFFF3F7-78DD-44CA-A822-5A9389410AEE}.Debug|Any CPU.Build.0 = Debug|Any CPU
		{2CFFF3F7-78DD-44CA-A822-5A9389410AEE}.Release|Any CPU.ActiveCfg = Release|Any CPU
		{2CFFF3F7-78DD-44CA-A822-5A9389410AEE}.Release|Any CPU.Build.0 = Release|Any CPU
	EndGlobalSection
	GlobalSection(SolutionProperties) = preSolution
		HideSolutionNode = FALSE
	EndGlobalSection
	GlobalSection(ExtensibilityGlobals) = postSolution
		SolutionGuid = {E6521032-E0A4-4D2B-AFD7-2C944399D41D}
	EndGlobalSection
EndGlobal
